
Microsoft Visual Studio Solution File, Format Version 12.00
# Visual Studio Version 17
VisualStudioVersion = 17.11.35312.102
MinimumVisualStudioVersion = 10.0.40219.1
Project("{FAE04EC0-301F-11D3-BF4B-00C04F79EFBC}") = "CSharpEgitimKampi301.EntityLayer", "CSharpEgitimKampi301.EntityLayer\CSharpEgitimKampi301.EntityLayer.csproj", "{24450F91-A1A5-4B34-8EAF-17D9E2D7C69F}"
EndProject
Project("{FAE04EC0-301F-11D3-BF4B-00C04F79EFBC}") = "CSharpEgitimKampi301.DataAccessLayer", "CSharpEgitimKampi301.DataAccessLayer\CSharpEgitimKampi301.DataAccessLayer.csproj", "{C475B617-001D-4478-A057-8A4B4C60941C}"
EndProject
Project("{FAE04EC0-301F-11D3-BF4B-00C04F79EFBC}") = "CSharpEgitimKampi301.BusinessLayer", "CSharpEgitimKampi301.BusinessLayer\CSharpEgitimKampi301.BusinessLayer.csproj", "{59588B01-15D8-4F7E-96E1-FDDF48F13924}"
EndProject
Project("{FAE04EC0-301F-11D3-BF4B-00C04F79EFBC}") = "CSharpEgitimKampi301.PresentationLayer", "CSharpEgitimKampi301.PresentationLayer\CSharpEgitimKampi301.PresentationLayer.csproj", "{44D7FE0D-908D-4C49-82AC-946DFC237687}"
EndProject
Project("{FAE04EC0-301F-11D3-BF4B-00C04F79EFBC}") = "CSharpEgitimKampi301.EFProject", "CSharpEgitimKampi301.EFProject\CSharpEgitimKampi301.EFProject.csproj", "{8A6FC897-81F4-4119-96A1-69B3586C7004}"
EndProject
Global
	GlobalSection(SolutionConfigurationPlatforms) = preSolution
		Debug|Any CPU = Debug|Any CPU
		Release|Any CPU = Release|Any CPU
	EndGlobalSection
	GlobalSection(ProjectConfigurationPlatforms) = postSolution
		{24450F91-A1A5-4B34-8EAF-17D9E2D7C69F}.Debug|Any CPU.ActiveCfg = Debug|Any CPU
		{24450F91-A1A5-4B34-8EAF-17D9E2D7C69F}.Debug|Any CPU.Build.0 = Debug|Any CPU
		{24450F91-A1A5-4B34-8EAF-17D9E2D7C69F}.Release|Any CPU.ActiveCfg = Release|Any CPU
		{24450F91-A1A5-4B34-8EAF-17D9E2D7C69F}.Release|Any CPU.Build.0 = Release|Any CPU
		{C475B617-001D-4478-A057-8A4B4C60941C}.Debug|Any CPU.ActiveCfg = Debug|Any CPU
		{C475B617-001D-4478-A057-8A4B4C60941C}.Debug|Any CPU.Build.0 = Debug|Any CPU
		{C475B617-001D-4478-A057-8A4B4C60941C}.Release|Any CPU.ActiveCfg = Release|Any CPU
		{C475B617-001D-4478-A057-8A4B4C60941C}.Release|Any CPU.Build.0 = Release|Any CPU
		{59588B01-15D8-4F7E-96E1-FDDF48F13924}.Debug|Any CPU.ActiveCfg = Debug|Any CPU
		{59588B01-15D8-4F7E-96E1-FDDF48F13924}.Debug|Any CPU.Build.0 = Debug|Any CPU
		{59588B01-15D8-4F7E-96E1-FDDF48F13924}.Release|Any CPU.ActiveCfg = Release|Any CPU
		{59588B01-15D8-4F7E-96E1-FDDF48F13924}.Release|Any CPU.Build.0 = Release|Any CPU
		{44D7FE0D-908D-4C49-82AC-946DFC237687}.Debug|Any CPU.ActiveCfg = Debug|Any CPU
		{44D7FE0D-908D-4C49-82AC-946DFC237687}.Debug|Any CPU.Build.0 = Debug|Any CPU
		{44D7FE0D-908D-4C49-82AC-946DFC237687}.Release|Any CPU.ActiveCfg = Release|Any CPU
		{44D7FE0D-908D-4C49-82AC-946DFC237687}.Release|Any CPU.Build.0 = Release|Any CPU
		{8A6FC897-81F4-4119-96A1-69B3586C7004}.Debug|Any CPU.ActiveCfg = Debug|Any CPU
		{8A6FC897-81F4-4119-96A1-69B3586C7004}.Debug|Any CPU.Build.0 = Debug|Any CPU
		{8A6FC897-81F4-4119-96A1-69B3586C7004}.Release|Any CPU.ActiveCfg = Release|Any CPU
		{8A6FC897-81F4-4119-96A1-69B3586C7004}.Release|Any CPU.Build.0 = Release|Any CPU
	EndGlobalSection
	GlobalSection(SolutionProperties) = preSolution
		HideSolutionNode = FALSE
	EndGlobalSection
	GlobalSection(ExtensibilityGlobals) = postSolution
		SolutionGuid = {D3D3F54E-7E4B-4C05-9CDE-838A585E6DA3}
	EndGlobalSection
EndGlobal
